
Microsoft Visual Studio Solution File, Format Version 11.00
# Visual Studio 2010
Project("{8BC9CEB8-8B4A-11D0-8D11-00A0C91BC942}") = "D3DPractice", "D3DPractice\D3DPractice.vcxproj", "{2FB96364-A048-4E77-8F64-95F2C309CD56}"
EndProject
Global
	GlobalSection(SolutionConfigurationPlatforms) = preSolution
		Debug|Win32 = Debug|Win32
		Release|Win32 = Release|Win32
	EndGlobalSection
	GlobalSection(ProjectConfigurationPlatforms) = postSolution
		{2FB96364-A048-4E77-8F64-95F2C309CD56}.Debug|Win32.ActiveCfg = Debug|Win32
		{2FB96364-A048-4E77-8F64-95F2C309CD56}.Debug|Win32.Build.0 = Debug|Win32
		{2FB96364-A048-4E77-8F64-95F2C309CD56}.Release|Win32.ActiveCfg = Release|Win32
		{2FB96364-A048-4E77-8F64-95F2C309CD56}.Release|Win32.Build.0 = Release|Win32
	EndGlobalSection
	GlobalSection(SolutionProperties) = preSolution
		HideSolutionNode = FALSE
	EndGlobalSection
EndGlobal
